
Microsoft Visual Studio Solution File, Format Version 12.00
# Visual Studio 15
VisualStudioVersion = 15.0.28307.329
MinimumVisualStudioVersion = 10.0.40219.1
Project("{FAE04EC0-301F-11D3-BF4B-00C04F79EFBC}") = "Chess", "Chess\Chess.csproj", "{06C730DF-58E3-420A-A778-A75B12884E65}"
EndProject
Project("{FAE04EC0-301F-11D3-BF4B-00C04F79EFBC}") = "ChessTests", "ChessTests\ChessTests.csproj", "{040F49C3-F429-460F-AD22-EAC55717865B}"
EndProject
Project("{FAE04EC0-301F-11D3-BF4B-00C04F79EFBC}") = "ChessUI", "ChessUI\ChessUI.csproj", "{4CD6EC6F-61AF-4064-8FA1-56BC0319CA0A}"
EndProject
Project("{FAE04EC0-301F-11D3-BF4B-00C04F79EFBC}") = "UIChessTests", "UIChessTests\UIChessTests.csproj", "{199050A5-B739-42E2-B042-8D9ECC708E03}"
EndProject
Project("{54435603-DBB4-11D2-8724-00A0C9A8B90C}") = "SetupChess", "SetupChess\SetupChess.vdproj", "{A25E80AC-52AB-454E-B538-756A82BB5910}"
EndProject
Global
	GlobalSection(SolutionConfigurationPlatforms) = preSolution
		Debug|Any CPU = Debug|Any CPU
		Release|Any CPU = Release|Any CPU
	EndGlobalSection
	GlobalSection(ProjectConfigurationPlatforms) = postSolution
		{06C730DF-58E3-420A-A778-A75B12884E65}.Debug|Any CPU.ActiveCfg = Debug|Any CPU
		{06C730DF-58E3-420A-A778-A75B12884E65}.Debug|Any CPU.Build.0 = Debug|Any CPU
		{06C730DF-58E3-420A-A778-A75B12884E65}.Release|Any CPU.ActiveCfg = Release|Any CPU
		{06C730DF-58E3-420A-A778-A75B12884E65}.Release|Any CPU.Build.0 = Release|Any CPU
		{040F49C3-F429-460F-AD22-EAC55717865B}.Debug|Any CPU.ActiveCfg = Debug|Any CPU
		{040F49C3-F429-460F-AD22-EAC55717865B}.Debug|Any CPU.Build.0 = Debug|Any CPU
		{040F49C3-F429-460F-AD22-EAC55717865B}.Release|Any CPU.ActiveCfg = Release|Any CPU
		{040F49C3-F429-460F-AD22-EAC55717865B}.Release|Any CPU.Build.0 = Release|Any CPU
		{4CD6EC6F-61AF-4064-8FA1-56BC0319CA0A}.Debug|Any CPU.ActiveCfg = Debug|Any CPU
		{4CD6EC6F-61AF-4064-8FA1-56BC0319CA0A}.Debug|Any CPU.Build.0 = Debug|Any CPU
		{4CD6EC6F-61AF-4064-8FA1-56BC0319CA0A}.Release|Any CPU.ActiveCfg = Release|Any CPU
		{4CD6EC6F-61AF-4064-8FA1-56BC0319CA0A}.Release|Any CPU.Build.0 = Release|Any CPU
		{199050A5-B739-42E2-B042-8D9ECC708E03}.Debug|Any CPU.ActiveCfg = Debug|Any CPU
		{199050A5-B739-42E2-B042-8D9ECC708E03}.Debug|Any CPU.Build.0 = Debug|Any CPU
		{199050A5-B739-42E2-B042-8D9ECC708E03}.Release|Any CPU.ActiveCfg = Release|Any CPU
		{199050A5-B739-42E2-B042-8D9ECC708E03}.Release|Any CPU.Build.0 = Release|Any CPU
		{A25E80AC-52AB-454E-B538-756A82BB5910}.Debug|Any CPU.ActiveCfg = Debug
		{A25E80AC-52AB-454E-B538-756A82BB5910}.Release|Any CPU.ActiveCfg = Release
	EndGlobalSection
	GlobalSection(SolutionProperties) = preSolution
		HideSolutionNode = FALSE
	EndGlobalSection
	GlobalSection(ExtensibilityGlobals) = postSolution
		SolutionGuid = {13238926-D45C-4220-8006-D9666223B323}
	EndGlobalSection
EndGlobal
